
Microsoft Visual Studio Solution File, Format Version 12.00
# Visual Studio 15
VisualStudioVersion = 15.0.27130.2010
MinimumVisualStudioVersion = 10.0.40219.1
Project("{FAE04EC0-301F-11D3-BF4B-00C04F79EFBC}") = "CouponCode", "CouponCode\CouponCode.csproj", "{597B6B24-AABA-4B5E-85FB-600451293D80}"
EndProject
Global
	GlobalSection(SolutionConfigurationPlatforms) = preSolution
		Debug|Any CPU = Debug|Any CPU
		Release|Any CPU = Release|Any CPU
	EndGlobalSection
	GlobalSection(ProjectConfigurationPlatforms) = postSolution
		{597B6B24-AABA-4B5E-85FB-600451293D80}.Debug|Any CPU.ActiveCfg = Debug|Any CPU
		{597B6B24-AABA-4B5E-85FB-600451293D80}.Debug|Any CPU.Build.0 = Debug|Any CPU
		{597B6B24-AABA-4B5E-85FB-600451293D80}.Release|Any CPU.ActiveCfg = Release|Any CPU
		{597B6B24-AABA-4B5E-85FB-600451293D80}.Release|Any CPU.Build.0 = Release|Any CPU
	EndGlobalSection
	GlobalSection(SolutionProperties) = preSolution
		HideSolutionNode = FALSE
	EndGlobalSection
	GlobalSection(ExtensibilityGlobals) = postSolution
		SolutionGuid = {F246D731-7537-4FD6-BE4A-7C707B7103C6}
	EndGlobalSection
EndGlobal
